
Microsoft Visual Studio Solution File, Format Version 12.00
# Visual Studio Version 16
VisualStudioVersion = 16.0.32413.119
MinimumVisualStudioVersion = 10.0.40219.1
Project("{FAE04EC0-301F-11D3-BF4B-00C04F79EFBC}") = "InscripcionSuperHero", "InscripcionSuperHero\InscripcionSuperHero.csproj", "{08CCD013-B5F5-4662-95B8-F14406A1D375}"
EndProject
Global
	GlobalSection(SolutionConfigurationPlatforms) = preSolution
		Debug|Any CPU = Debug|Any CPU
		Release|Any CPU = Release|Any CPU
	EndGlobalSection
	GlobalSection(ProjectConfigurationPlatforms) = postSolution
		{08CCD013-B5F5-4662-95B8-F14406A1D375}.Debug|Any CPU.ActiveCfg = Debug|Any CPU
		{08CCD013-B5F5-4662-95B8-F14406A1D375}.Debug|Any CPU.Build.0 = Debug|Any CPU
		{08CCD013-B5F5-4662-95B8-F14406A1D375}.Release|Any CPU.ActiveCfg = Release|Any CPU
		{08CCD013-B5F5-4662-95B8-F14406A1D375}.Release|Any CPU.Build.0 = Release|Any CPU
	EndGlobalSection
	GlobalSection(SolutionProperties) = preSolution
		HideSolutionNode = FALSE
	EndGlobalSection
	GlobalSection(ExtensibilityGlobals) = postSolution
		SolutionGuid = {46D10725-BAA0-4F89-ABD8-11991A88D573}
	EndGlobalSection
EndGlobal
